
Microsoft Visual Studio Solution File, Format Version 12.00
# Visual Studio Version 16
VisualStudioVersion = 16.0.29709.97
MinimumVisualStudioVersion = 10.0.40219.1
Project("{FAE04EC0-301F-11D3-BF4B-00C04F79EFBC}") = "Reverse a String", "Reverse a String\Reverse a String.csproj", "{5CD2C609-8A88-4CD0-A10A-8187D216922F}"
EndProject
Global
	GlobalSection(SolutionConfigurationPlatforms) = preSolution
		Debug|Any CPU = Debug|Any CPU
		Release|Any CPU = Release|Any CPU
	EndGlobalSection
	GlobalSection(ProjectConfigurationPlatforms) = postSolution
		{5CD2C609-8A88-4CD0-A10A-8187D216922F}.Debug|Any CPU.ActiveCfg = Debug|Any CPU
		{5CD2C609-8A88-4CD0-A10A-8187D216922F}.Debug|Any CPU.Build.0 = Debug|Any CPU
		{5CD2C609-8A88-4CD0-A10A-8187D216922F}.Release|Any CPU.ActiveCfg = Release|Any CPU
		{5CD2C609-8A88-4CD0-A10A-8187D216922F}.Release|Any CPU.Build.0 = Release|Any CPU
	EndGlobalSection
	GlobalSection(SolutionProperties) = preSolution
		HideSolutionNode = FALSE
	EndGlobalSection
	GlobalSection(ExtensibilityGlobals) = postSolution
		SolutionGuid = {B19DC6E3-8562-4D54-B250-CDBB6FF04F66}
	EndGlobalSection
EndGlobal
